<Solution>
  <Project Path="FlowerREST.Tests/FlowerREST.Tests.csproj" Id="d0a02776-c4a3-4c9a-bcd3-2eb2684512cd" />
  <Project Path="FlowerREST/FlowerREST.csproj" />
  <Project Path="FlowerRestMSTest.MSTests/FlowerRestMSTest.MSTests.csproj" Id="470f548e-900a-4953-a858-de46a783c7e7" />
  <Project Path="FlowerRESTSeleniumTests.SeleniumTests/FlowerRESTSeleniumTests.SeleniumTests.csproj" Id="274a5999-1396-4845-b601-ec8442e024c8" />
</Solution>
